// !$*UTF8*$!
{
	archiveVersion = 1;
	classes = {
	};
	objectVersion = 46;
	objects = {

/* Begin PBXBuildFile section */
		E95E41111CAADA29000B056C /* SLLogViewController.m in Sources */ = {isa = PBXBuildFile; fileRef = E95E41101CAADA29000B056C /* SLLogViewController.m */; };
		E95E411E1CAD61C8000B056C /* SLTimeViewController.m in Sources */ = {isa = PBXBuildFile; fileRef = E95E411C1CAD61C8000B056C /* SLTimeViewController.m */; };
		E95E411F1CAD61C8000B056C /* SLTimeViewController.xib in Resources */ = {isa = PBXBuildFile; fileRef = E95E411D1CAD61C8000B056C /* SLTimeViewController.xib */; };
		E95E41221CAD6E54000B056C /* SLHistoryTableViewController.m in Sources */ = {isa = PBXBuildFile; fileRef = E95E41211CAD6E54000B056C /* SLHistoryTableViewController.m */; };
		E972EAE21CA2B34E00DAA907 /* main.m in Sources */ = {isa = PBXBuildFile; fileRef = E972EAE11CA2B34E00DAA907 /* main.m */; };
		E972EAE51CA2B34E00DAA907 /* AppDelegate.m in Sources */ = {isa = PBXBuildFile; fileRef = E972EAE41CA2B34E00DAA907 /* AppDelegate.m */; };
		E972EAEB1CA2B34E00DAA907 /* Main.storyboard in Resources */ = {isa = PBXBuildFile; fileRef = E972EAE91CA2B34E00DAA907 /* Main.storyboard */; };
		E972EAED1CA2B34F00DAA907 /* Assets.xcassets in Resources */ = {isa = PBXBuildFile; fileRef = E972EAEC1CA2B34F00DAA907 /* Assets.xcassets */; };
		E972EAF01CA2B34F00DAA907 /* LaunchScreen.storyboard in Resources */ = {isa = PBXBuildFile; fileRef = E972EAEE1CA2B34F00DAA907 /* LaunchScreen.storyboard */; };
		E972EB211CA2D59500DAA907 /* TNPersistenceController.m in Sources */ = {isa = PBXBuildFile; fileRef = E972EB201CA2D59500DAA907 /* TNPersistenceController.m */; };
		E972EB251CA2D78500DAA907 /* DataModel.xcdatamodeld in Sources */ = {isa = PBXBuildFile; fileRef = E972EB231CA2D78500DAA907 /* DataModel.xcdatamodeld */; };
		E972EB361CA2EF4900DAA907 /* Sleeps.m in Sources */ = {isa = PBXBuildFile; fileRef = E972EB2C1CA2EF4800DAA907 /* Sleeps.m */; };
		E972EB381CA2EF4900DAA907 /* Settings.m in Sources */ = {isa = PBXBuildFile; fileRef = E972EB301CA2EF4800DAA907 /* Settings.m */; };
		E972EB3A1CA2EF4900DAA907 /* Interruptions.m in Sources */ = {isa = PBXBuildFile; fileRef = E972EB341CA2EF4800DAA907 /* Interruptions.m */; };
		E972EB3E1CA2EFEA00DAA907 /* SLDataController.m in Sources */ = {isa = PBXBuildFile; fileRef = E972EB3D1CA2EFEA00DAA907 /* SLDataController.m */; };
		E972EB581CA2FC3F00DAA907 /* Interruptions+CoreDataProperties.m in Sources */ = {isa = PBXBuildFile; fileRef = E972EB531CA2FC3F00DAA907 /* Interruptions+CoreDataProperties.m */; };
		E972EB591CA2FC3F00DAA907 /* Sleeps+CoreDataProperties.m in Sources */ = {isa = PBXBuildFile; fileRef = E972EB551CA2FC3F00DAA907 /* Sleeps+CoreDataProperties.m */; };
		E972EB5A1CA2FC3F00DAA907 /* Settings+CoreDataProperties.m in Sources */ = {isa = PBXBuildFile; fileRef = E972EB571CA2FC3F00DAA907 /* Settings+CoreDataProperties.m */; };
/* End PBXBuildFile section */

/* Begin PBXFileReference section */
		E95E410D1CAAD43F000B056C /* readme.md */ = {isa = PBXFileReference; fileEncoding = 4; lastKnownFileType = net.daringfireball.markdown; path = readme.md; sourceTree = SOURCE_ROOT; };
		E95E410F1CAADA29000B056C /* SLLogViewController.h */ = {isa = PBXFileReference; fileEncoding = 4; lastKnownFileType = sourcecode.c.h; path = SLLogViewController.h; sourceTree = "<group>"; };
		E95E41101CAADA29000B056C /* SLLogViewController.m */ = {isa = PBXFileReference; fileEncoding = 4; lastKnownFileType = sourcecode.c.objc; path = SLLogViewController.m; sourceTree = "<group>"; };
		E95E411B1CAD61C8000B056C /* SLTimeViewController.h */ = {isa = PBXFileReference; fileEncoding = 4; lastKnownFileType = sourcecode.c.h; path = SLTimeViewController.h; sourceTree = "<group>"; };
		E95E411C1CAD61C8000B056C /* SLTimeViewController.m */ = {isa = PBXFileReference; fileEncoding = 4; lastKnownFileType = sourcecode.c.objc; path = SLTimeViewController.m; sourceTree = "<group>"; };
		E95E411D1CAD61C8000B056C /* SLTimeViewController.xib */ = {isa = PBXFileReference; fileEncoding = 4; lastKnownFileType = file.xib; path = SLTimeViewController.xib; sourceTree = "<group>"; };
		E95E41201CAD6E54000B056C /* SLHistoryTableViewController.h */ = {isa = PBXFileReference; fileEncoding = 4; lastKnownFileType = sourcecode.c.h; path = SLHistoryTableViewController.h; sourceTree = "<group>"; };
		E95E41211CAD6E54000B056C /* SLHistoryTableViewController.m */ = {isa = PBXFileReference; fileEncoding = 4; lastKnownFileType = sourcecode.c.objc; path = SLHistoryTableViewController.m; sourceTree = "<group>"; };
		E972EADD1CA2B34E00DAA907 /* SleepLogger.app */ = {isa = PBXFileReference; explicitFileType = wrapper.application; includeInIndex = 0; path = SleepLogger.app; sourceTree = BUILT_PRODUCTS_DIR; };
		E972EAE11CA2B34E00DAA907 /* main.m */ = {isa = PBXFileReference; lastKnownFileType = sourcecode.c.objc; path = main.m; sourceTree = "<group>"; };
		E972EAE31CA2B34E00DAA907 /* AppDelegate.h */ = {isa = PBXFileReference; lastKnownFileType = sourcecode.c.h; name = AppDelegate.h; path = SleepLogger/AppDelegate.h; sourceTree = "<group>"; };
		E972EAE41CA2B34E00DAA907 /* AppDelegate.m */ = {isa = PBXFileReference; lastKnownFileType = sourcecode.c.objc; name = AppDelegate.m; path = SleepLogger/AppDelegate.m; sourceTree = "<group>"; };
		E972EAEA1CA2B34E00DAA907 /* Base */ = {isa = PBXFileReference; lastKnownFileType = file.storyboard; name = Base; path = Base.lproj/Main.storyboard; sourceTree = "<group>"; };
		E972EAEC1CA2B34F00DAA907 /* Assets.xcassets */ = {isa = PBXFileReference; lastKnownFileType = folder.assetcatalog; name = Assets.xcassets; path = SleepLogger/Assets.xcassets; sourceTree = "<group>"; };
		E972EAEF1CA2B34F00DAA907 /* Base */ = {isa = PBXFileReference; lastKnownFileType = file.storyboard; name = Base; path = Base.lproj/LaunchScreen.storyboard; sourceTree = "<group>"; };
		E972EAF11CA2B34F00DAA907 /* Info.plist */ = {isa = PBXFileReference; lastKnownFileType = text.plist.xml; path = Info.plist; sourceTree = "<group>"; };
		E972EB1F1CA2D59500DAA907 /* TNPersistenceController.h */ = {isa = PBXFileReference; fileEncoding = 4; lastKnownFileType = sourcecode.c.h; path = TNPersistenceController.h; sourceTree = "<group>"; };
		E972EB201CA2D59500DAA907 /* TNPersistenceController.m */ = {isa = PBXFileReference; fileEncoding = 4; lastKnownFileType = sourcecode.c.objc; path = TNPersistenceController.m; sourceTree = "<group>"; };
		E972EB241CA2D78500DAA907 /* DataModel.xcdatamodel */ = {isa = PBXFileReference; lastKnownFileType = wrapper.xcdatamodel; path = DataModel.xcdatamodel; sourceTree = "<group>"; };
		E972EB2B1CA2EF4800DAA907 /* Sleeps.h */ = {isa = PBXFileReference; fileEncoding = 4; lastKnownFileType = sourcecode.c.h; path = Sleeps.h; sourceTree = "<group>"; };
		E972EB2C1CA2EF4800DAA907 /* Sleeps.m */ = {isa = PBXFileReference; fileEncoding = 4; lastKnownFileType = sourcecode.c.objc; path = Sleeps.m; sourceTree = "<group>"; };
		E972EB2F1CA2EF4800DAA907 /* Settings.h */ = {isa = PBXFileReference; fileEncoding = 4; lastKnownFileType = sourcecode.c.h; path = Settings.h; sourceTree = "<group>"; };
		E972EB301CA2EF4800DAA907 /* Settings.m */ = {isa = PBXFileReference; fileEncoding = 4; lastKnownFileType = sourcecode.c.objc; path = Settings.m; sourceTree = "<group>"; };
		E972EB331CA2EF4800DAA907 /* Interruptions.h */ = {isa = PBXFileReference; fileEncoding = 4; lastKnownFileType = sourcecode.c.h; path = Interruptions.h; sourceTree = "<group>"; };
		E972EB341CA2EF4800DAA907 /* Interruptions.m */ = {isa = PBXFileReference; fileEncoding = 4; lastKnownFileType = sourcecode.c.objc; path = Interruptions.m; sourceTree = "<group>"; };
		E972EB3C1CA2EFEA00DAA907 /* SLDataController.h */ = {isa = PBXFileReference; fileEncoding = 4; lastKnownFileType = sourcecode.c.h; path = SLDataController.h; sourceTree = "<group>"; };
		E972EB3D1CA2EFEA00DAA907 /* SLDataController.m */ = {isa = PBXFileReference; fileEncoding = 4; lastKnownFileType = sourcecode.c.objc; path = SLDataController.m; sourceTree = "<group>"; };
		E972EB521CA2FC3F00DAA907 /* Interruptions+CoreDataProperties.h */ = {isa = PBXFileReference; fileEncoding = 4; lastKnownFileType = sourcecode.c.h; path = "Interruptions+CoreDataProperties.h"; sourceTree = "<group>"; };
		E972EB531CA2FC3F00DAA907 /* Interruptions+CoreDataProperties.m */ = {isa = PBXFileReference; fileEncoding = 4; lastKnownFileType = sourcecode.c.objc; path = "Interruptions+CoreDataProperties.m"; sourceTree = "<group>"; };
		E972EB541CA2FC3F00DAA907 /* Sleeps+CoreDataProperties.h */ = {isa = PBXFileReference; fileEncoding = 4; lastKnownFileType = sourcecode.c.h; path = "Sleeps+CoreDataProperties.h"; sourceTree = "<group>"; };
		E972EB551CA2FC3F00DAA907 /* Sleeps+CoreDataProperties.m */ = {isa = PBXFileReference; fileEncoding = 4; lastKnownFileType = sourcecode.c.objc; path = "Sleeps+CoreDataProperties.m"; sourceTree = "<group>"; };
		E972EB561CA2FC3F00DAA907 /* Settings+CoreDataProperties.h */ = {isa = PBXFileReference; fileEncoding = 4; lastKnownFileType = sourcecode.c.h; path = "Settings+CoreDataProperties.h"; sourceTree = "<group>"; };
		E972EB571CA2FC3F00DAA907 /* Settings+CoreDataProperties.m */ = {isa = PBXFileReference; fileEncoding = 4; lastKnownFileType = sourcecode.c.objc; path = "Settings+CoreDataProperties.m"; sourceTree = "<group>"; };
/* End PBXFileReference section */

/* Begin PBXFrameworksBuildPhase section */
		E972EADA1CA2B34E00DAA907 /* Frameworks */ = {
			isa = PBXFrameworksBuildPhase;
			buildActionMask = 2147483647;
			files = (
			);
			runOnlyForDeploymentPostprocessing = 0;
		};
/* End PBXFrameworksBuildPhase section */

/* Begin PBXGroup section */
		E972EAD41CA2B34E00DAA907 = {
			isa = PBXGroup;
			children = (
				E972EB281CA2D97000DAA907 /* Storyboards */,
				E972EB271CA2D95000DAA907 /* Icons and Launch */,
				E972EB261CA2D93300DAA907 /* AppDelegate */,
				E972EB221CA2D5A000DAA907 /* Core Data */,
				E972EADF1CA2B34E00DAA907 /* SleepLogger */,
				E972EADE1CA2B34E00DAA907 /* Products */,
			);
			sourceTree = "<group>";
		};
		E972EADE1CA2B34E00DAA907 /* Products */ = {
			isa = PBXGroup;
			children = (
				E972EADD1CA2B34E00DAA907 /* SleepLogger.app */,
			);
			name = Products;
			sourceTree = "<group>";
		};
		E972EADF1CA2B34E00DAA907 /* SleepLogger */ = {
			isa = PBXGroup;
			children = (
				E95E410D1CAAD43F000B056C /* readme.md */,
				E972EAF11CA2B34F00DAA907 /* Info.plist */,
				E972EAE01CA2B34E00DAA907 /* Supporting Files */,
			);
			path = SleepLogger;
			sourceTree = "<group>";
		};
		E972EAE01CA2B34E00DAA907 /* Supporting Files */ = {
			isa = PBXGroup;
			children = (
				E972EAE11CA2B34E00DAA907 /* main.m */,
			);
			name = "Supporting Files";
			sourceTree = "<group>";
		};
		E972EB221CA2D5A000DAA907 /* Core Data */ = {
			isa = PBXGroup;
			children = (
				E972EB1F1CA2D59500DAA907 /* TNPersistenceController.h */,
				E972EB201CA2D59500DAA907 /* TNPersistenceController.m */,
				E972EB3C1CA2EFEA00DAA907 /* SLDataController.h */,
				E972EB3D1CA2EFEA00DAA907 /* SLDataController.m */,
				E972EB481CA2F4E900DAA907 /* Generated Entities and DataModel */,
				E972EB3B1CA2EF5D00DAA907 /* NSManagedObjects */,
			);
			name = "Core Data";
			path = SleepLogger;
			sourceTree = "<group>";
		};
		E972EB261CA2D93300DAA907 /* AppDelegate */ = {
			isa = PBXGroup;
			children = (
				E972EAE31CA2B34E00DAA907 /* AppDelegate.h */,
				E972EAE41CA2B34E00DAA907 /* AppDelegate.m */,
			);
			name = AppDelegate;
			sourceTree = "<group>";
		};
		E972EB271CA2D95000DAA907 /* Icons and Launch */ = {
			isa = PBXGroup;
			children = (
				E972EAEE1CA2B34F00DAA907 /* LaunchScreen.storyboard */,
				E972EAEC1CA2B34F00DAA907 /* Assets.xcassets */,
			);
			name = "Icons and Launch";
			sourceTree = "<group>";
		};
		E972EB281CA2D97000DAA907 /* Storyboards */ = {
			isa = PBXGroup;
			children = (
				E95E411B1CAD61C8000B056C /* SLTimeViewController.h */,
				E95E411C1CAD61C8000B056C /* SLTimeViewController.m */,
				E95E411D1CAD61C8000B056C /* SLTimeViewController.xib */,
				E972EAE91CA2B34E00DAA907 /* Main.storyboard */,
				E95E41201CAD6E54000B056C /* SLHistoryTableViewController.h */,
				E95E41211CAD6E54000B056C /* SLHistoryTableViewController.m */,
				E95E410F1CAADA29000B056C /* SLLogViewController.h */,
				E95E41101CAADA29000B056C /* SLLogViewController.m */,
			);
			name = Storyboards;
			sourceTree = "<group>";
		};
		E972EB3B1CA2EF5D00DAA907 /* NSManagedObjects */ = {
			isa = PBXGroup;
			children = (
				E972EB2B1CA2EF4800DAA907 /* Sleeps.h */,
				E972EB2C1CA2EF4800DAA907 /* Sleeps.m */,
				E972EB2F1CA2EF4800DAA907 /* Settings.h */,
				E972EB301CA2EF4800DAA907 /* Settings.m */,
				E972EB331CA2EF4800DAA907 /* Interruptions.h */,
				E972EB341CA2EF4800DAA907 /* Interruptions.m */,
			);
			name = NSManagedObjects;
			sourceTree = "<group>";
		};
		E972EB481CA2F4E900DAA907 /* Generated Entities and DataModel */ = {
			isa = PBXGroup;
			children = (
				E972EB231CA2D78500DAA907 /* DataModel.xcdatamodeld */,
				E972EB521CA2FC3F00DAA907 /* Interruptions+CoreDataProperties.h */,
				E972EB531CA2FC3F00DAA907 /* Interruptions+CoreDataProperties.m */,
				E972EB541CA2FC3F00DAA907 /* Sleeps+CoreDataProperties.h */,
				E972EB551CA2FC3F00DAA907 /* Sleeps+CoreDataProperties.m */,
				E972EB561CA2FC3F00DAA907 /* Settings+CoreDataProperties.h */,
				E972EB571CA2FC3F00DAA907 /* Settings+CoreDataProperties.m */,
			);
			name = "Generated Entities and DataModel";
			sourceTree = "<group>";
		};
/* End PBXGroup section */

/* Begin PBXNativeTarget section */
		E972EADC1CA2B34E00DAA907 /* SleepLogger */ = {
			isa = PBXNativeTarget;
			buildConfigurationList = E972EAF41CA2B34F00DAA907 /* Build configuration list for PBXNativeTarget "SleepLogger" */;
			buildPhases = (
				E972EAD91CA2B34E00DAA907 /* Sources */,
				E972EADA1CA2B34E00DAA907 /* Frameworks */,
				E972EADB1CA2B34E00DAA907 /* Resources */,
			);
			buildRules = (
			);
			dependencies = (
			);
			name = SleepLogger;
			productName = SleepLogger;
			productReference = E972EADD1CA2B34E00DAA907 /* SleepLogger.app */;
			productType = "com.apple.product-type.application";
		};
/* End PBXNativeTarget section */

/* Begin PBXProject section */
		E972EAD51CA2B34E00DAA907 /* Project object */ = {
			isa = PBXProject;
			attributes = {
				LastUpgradeCheck = 0720;
				ORGANIZATIONNAME = "Thomas Bibby";
				TargetAttributes = {
					E972EADC1CA2B34E00DAA907 = {
						CreatedOnToolsVersion = 7.2.1;
						DevelopmentTeam = XJ8R7ACX65;
					};
				};
			};
			buildConfigurationList = E972EAD81CA2B34E00DAA907 /* Build configuration list for PBXProject "SleepLogger" */;
			compatibilityVersion = "Xcode 3.2";
			developmentRegion = English;
			hasScannedForEncodings = 0;
			knownRegions = (
				en,
				Base,
			);
			mainGroup = E972EAD41CA2B34E00DAA907;
			productRefGroup = E972EADE1CA2B34E00DAA907 /* Products */;
			projectDirPath = "";
			projectRoot = "";
			targets = (
				E972EADC1CA2B34E00DAA907 /* SleepLogger */,
			);
		};
/* End PBXProject section */

/* Begin PBXResourcesBuildPhase section */
		E972EADB1CA2B34E00DAA907 /* Resources */ = {
			isa = PBXResourcesBuildPhase;
			buildActionMask = 2147483647;
			files = (
				E972EAF01CA2B34F00DAA907 /* LaunchScreen.storyboard in Resources */,
				E972EAED1CA2B34F00DAA907 /* Assets.xcassets in Resources */,
				E95E411F1CAD61C8000B056C /* SLTimeViewController.xib in Resources */,
				E972EAEB1CA2B34E00DAA907 /* Main.storyboard in Resources */,
			);
			runOnlyForDeploymentPostprocessing = 0;
		};
/* End PBXResourcesBuildPhase section */

/* Begin PBXSourcesBuildPhase section */
		E972EAD91CA2B34E00DAA907 /* Sources */ = {
			isa = PBXSourcesBuildPhase;
			buildActionMask = 2147483647;
			files = (
				E972EB3A1CA2EF4900DAA907 /* Interruptions.m in Sources */,
				E95E41221CAD6E54000B056C /* SLHistoryTableViewController.m in Sources */,
				E972EAE51CA2B34E00DAA907 /* AppDelegate.m in Sources */,
				E95E411E1CAD61C8000B056C /* SLTimeViewController.m in Sources */,
				E972EB581CA2FC3F00DAA907 /* Interruptions+CoreDataProperties.m in Sources */,
				E972EB5A1CA2FC3F00DAA907 /* Settings+CoreDataProperties.m in Sources */,
				E95E41111CAADA29000B056C /* SLLogViewController.m in Sources */,
				E972EB591CA2FC3F00DAA907 /* Sleeps+CoreDataProperties.m in Sources */,
				E972EB3E1CA2EFEA00DAA907 /* SLDataController.m in Sources */,
				E972EB251CA2D78500DAA907 /* DataModel.xcdatamodeld in Sources */,
				E972EB211CA2D59500DAA907 /* TNPersistenceController.m in Sources */,
				E972EAE21CA2B34E00DAA907 /* main.m in Sources */,
				E972EB381CA2EF4900DAA907 /* Settings.m in Sources */,
				E972EB361CA2EF4900DAA907 /* Sleeps.m in Sources */,
			);
			runOnlyForDeploymentPostprocessing = 0;
		};
/* End PBXSourcesBuildPhase section */

/* Begin PBXVariantGroup section */
		E972EAE91CA2B34E00DAA907 /* Main.storyboard */ = {
			isa = PBXVariantGroup;
			children = (
				E972EAEA1CA2B34E00DAA907 /* Base */,
			);
			name = Main.storyboard;
			path = SleepLogger;
			sourceTree = "<group>";
		};
		E972EAEE1CA2B34F00DAA907 /* LaunchScreen.storyboard */ = {
			isa = PBXVariantGroup;
			children = (
				E972EAEF1CA2B34F00DAA907 /* Base */,
			);
			name = LaunchScreen.storyboard;
			path = SleepLogger;
			sourceTree = "<group>";
		};
/* End PBXVariantGroup section */

/* Begin XCBuildConfiguration section */
		E972EAF21CA2B34F00DAA907 /* Debug */ = {
			isa = XCBuildConfiguration;
			buildSettings = {
				ALWAYS_SEARCH_USER_PATHS = NO;
				CLANG_CXX_LANGUAGE_STANDARD = "gnu++0x";
				CLANG_CXX_LIBRARY = "libc++";
				CLANG_ENABLE_MODULES = YES;
				CLANG_ENABLE_OBJC_ARC = YES;
				CLANG_WARN_BOOL_CONVERSION = YES;
				CLANG_WARN_CONSTANT_CONVERSION = YES;
				CLANG_WARN_DIRECT_OBJC_ISA_USAGE = YES_ERROR;
				CLANG_WARN_EMPTY_BODY = YES;
				CLANG_WARN_ENUM_CONVERSION = YES;
				CLANG_WARN_INT_CONVERSION = YES;
				CLANG_WARN_OBJC_ROOT_CLASS = YES_ERROR;
				CLANG_WARN_UNREACHABLE_CODE = YES;
				CLANG_WARN__DUPLICATE_METHOD_MATCH = YES;
				"CODE_SIGN_IDENTITY[sdk=iphoneos*]" = "iPhone Developer";
				COPY_PHASE_STRIP = NO;
				DEBUG_INFORMATION_FORMAT = dwarf;
				ENABLE_STRICT_OBJC_MSGSEND = YES;
				ENABLE_TESTABILITY = YES;
				GCC_C_LANGUAGE_STANDARD = gnu99;
				GCC_DYNAMIC_NO_PIC = NO;
				GCC_NO_COMMON_BLOCKS = YES;
				GCC_OPTIMIZATION_LEVEL = 0;
				GCC_PREPROCESSOR_DEFINITIONS = (
					"DEBUG=1",
					"$(inherited)",
				);
				GCC_WARN_64_TO_32_BIT_CONVERSION = YES;
				GCC_WARN_ABOUT_RETURN_TYPE = YES_ERROR;
				GCC_WARN_UNDECLARED_SELECTOR = YES;
				GCC_WARN_UNINITIALIZED_AUTOS = YES_AGGRESSIVE;
				GCC_WARN_UNUSED_FUNCTION = YES;
				GCC_WARN_UNUSED_VARIABLE = YES;
				IPHONEOS_DEPLOYMENT_TARGET = 9.2;
				MTL_ENABLE_DEBUG_INFO = YES;
				ONLY_ACTIVE_ARCH = YES;
				SDKROOT = iphoneos;
				TARGETED_DEVICE_FAMILY = "1,2";
			};
			name = Debug;
		};
		E972EAF31CA2B34F00DAA907 /* Release */ = {
			isa = XCBuildConfiguration;
			buildSettings = {
				ALWAYS_SEARCH_USER_PATHS = NO;
				CLANG_CXX_LANGUAGE_STANDARD = "gnu++0x";
				CLANG_CXX_LIBRARY = "libc++";
				CLANG_ENABLE_MODULES = YES;
				CLANG_ENABLE_OBJC_ARC = YES;
				CLANG_WARN_BOOL_CONVERSION = YES;
				CLANG_WARN_CONSTANT_CONVERSION = YES;
				CLANG_WARN_DIRECT_OBJC_ISA_USAGE = YES_ERROR;
				CLANG_WARN_EMPTY_BODY = YES;
				CLANG_WARN_ENUM_CONVERSION = YES;
				CLANG_WARN_INT_CONVERSION = YES;
				CLANG_WARN_OBJC_ROOT_CLASS = YES_ERROR;
				CLANG_WARN_UNREACHABLE_CODE = YES;
				CLANG_WARN__DUPLICATE_METHOD_MATCH = YES;
				"CODE_SIGN_IDENTITY[sdk=iphoneos*]" = "iPhone Developer";
				COPY_PHASE_STRIP = NO;
				DEBUG_INFORMATION_FORMAT = "dwarf-with-dsym";
				ENABLE_NS_ASSERTIONS = NO;
				ENABLE_STRICT_OBJC_MSGSEND = YES;
				GCC_C_LANGUAGE_STANDARD = gnu99;
				GCC_NO_COMMON_BLOCKS = YES;
				GCC_WARN_64_TO_32_BIT_CONVERSION = YES;
				GCC_WARN_ABOUT_RETURN_TYPE = YES_ERROR;
				GCC_WARN_UNDECLARED_SELECTOR = YES;
				GCC_WARN_UNINITIALIZED_AUTOS = YES_AGGRESSIVE;
				GCC_WARN_UNUSED_FUNCTION = YES;
				GCC_WARN_UNUSED_VARIABLE = YES;
				IPHONEOS_DEPLOYMENT_TARGET = 9.2;
				MTL_ENABLE_DEBUG_INFO = NO;
				SDKROOT = iphoneos;
				TARGETED_DEVICE_FAMILY = "1,2";
				VALIDATE_PRODUCT = YES;
			};
			name = Release;
		};
		E972EAF51CA2B34F00DAA907 /* Debug */ = {
			isa = XCBuildConfiguration;
			buildSettings = {
				ASSETCATALOG_COMPILER_APPICON_NAME = AppIcon;
				CODE_SIGN_IDENTITY = "iPhone Developer";
				INFOPLIST_FILE = SleepLogger/Info.plist;
				LD_RUNPATH_SEARCH_PATHS = "$(inherited) @executable_path/Frameworks";
				PRODUCT_BUNDLE_IDENTIFIER = ie.tillnow.SleepLogger;
				PRODUCT_NAME = "$(TARGET_NAME)";
			};
			name = Debug;
		};
		E972EAF61CA2B34F00DAA907 /* Release */ = {
			isa = XCBuildConfiguration;
			buildSettings = {
				ASSETCATALOG_COMPILER_APPICON_NAME = AppIcon;
				CODE_SIGN_IDENTITY = "iPhone Developer";
				INFOPLIST_FILE = SleepLogger/Info.plist;
				LD_RUNPATH_SEARCH_PATHS = "$(inherited) @executable_path/Frameworks";
				PRODUCT_BUNDLE_IDENTIFIER = ie.tillnow.SleepLogger;
				PRODUCT_NAME = "$(TARGET_NAME)";
			};
			name = Release;
		};
/* End XCBuildConfiguration section */

/* Begin XCConfigurationList section */
		E972EAD81CA2B34E00DAA907 /* Build configuration list for PBXProject "SleepLogger" */ = {
			isa = XCConfigurationList;
			buildConfigurations = (
				E972EAF21CA2B34F00DAA907 /* Debug */,
				E972EAF31CA2B34F00DAA907 /* Release */,
			);
			defaultConfigurationIsVisible = 0;
			defaultConfigurationName = Release;
		};
		E972EAF41CA2B34F00DAA907 /* Build configuration list for PBXNativeTarget "SleepLogger" */ = {
			isa = XCConfigurationList;
			buildConfigurations = (
				E972EAF51CA2B34F00DAA907 /* Debug */,
				E972EAF61CA2B34F00DAA907 /* Release */,
			);
			defaultConfigurationIsVisible = 0;
			defaultConfigurationName = Release;
		};
/* End XCConfigurationList section */

/* Begin XCVersionGroup section */
		E972EB231CA2D78500DAA907 /* DataModel.xcdatamodeld */ = {
			isa = XCVersionGroup;
			children = (
				E972EB241CA2D78500DAA907 /* DataModel.xcdatamodel */,
			);
			currentVersion = E972EB241CA2D78500DAA907 /* DataModel.xcdatamodel */;
			path = DataModel.xcdatamodeld;
			sourceTree = "<group>";
			versionGroupType = wrapper.xcdatamodel;
		};
/* End XCVersionGroup section */
	};
	rootObject = E972EAD51CA2B34E00DAA907 /* Project object */;
}
